// !$*UTF8*$!
{
	archiveVersion = 1;
	classes = {
	};
	objectVersion = 52;
	objects = {

/* Begin PBXBuildFile section */
		1414723826C65F110060C2F3 /* SPMMultiModuleApp.swift in Sources */ = {isa = PBXBuildFile; fileRef = 1414723726C65F110060C2F3 /* SPMMultiModuleApp.swift */; };
		1414723A26C65F110060C2F3 /* ContentView.swift in Sources */ = {isa = PBXBuildFile; fileRef = 1414723926C65F110060C2F3 /* ContentView.swift */; };
		1414723C26C65F120060C2F3 /* Assets.xcassets in Resources */ = {isa = PBXBuildFile; fileRef = 1414723B26C65F120060C2F3 /* Assets.xcassets */; };
		1414723F26C65F120060C2F3 /* Preview Assets.xcassets in Resources */ = {isa = PBXBuildFile; fileRef = 1414723E26C65F120060C2F3 /* Preview Assets.xcassets */; };
		14F10BC526C6631700522941 /* ModulePingPong in Frameworks */ = {isa = PBXBuildFile; productRef = 14F10BC426C6631700522941 /* ModulePingPong */; };
/* End PBXBuildFile section */

/* Begin PBXFileReference section */
		1414723426C65F110060C2F3 /* SPMMultiModule.app */ = {isa = PBXFileReference; explicitFileType = wrapper.application; includeInIndex = 0; path = SPMMultiModule.app; sourceTree = BUILT_PRODUCTS_DIR; };
		1414723726C65F110060C2F3 /* SPMMultiModuleApp.swift */ = {isa = PBXFileReference; lastKnownFileType = sourcecode.swift; path = SPMMultiModuleApp.swift; sourceTree = "<group>"; };
		1414723926C65F110060C2F3 /* ContentView.swift */ = {isa = PBXFileReference; lastKnownFileType = sourcecode.swift; path = ContentView.swift; sourceTree = "<group>"; };
		1414723B26C65F120060C2F3 /* Assets.xcassets */ = {isa = PBXFileReference; lastKnownFileType = folder.assetcatalog; path = Assets.xcassets; sourceTree = "<group>"; };
		1414723E26C65F120060C2F3 /* Preview Assets.xcassets */ = {isa = PBXFileReference; lastKnownFileType = folder.assetcatalog; path = "Preview Assets.xcassets"; sourceTree = "<group>"; };
		1414724026C65F120060C2F3 /* Info.plist */ = {isa = PBXFileReference; lastKnownFileType = text.plist.xml; path = Info.plist; sourceTree = "<group>"; };
		14F10BC026C661A600522941 /* ModulePingPong */ = {isa = PBXFileReference; lastKnownFileType = folder; path = ModulePingPong; sourceTree = "<group>"; };
		14F10BC626C66A2800522941 /* ModulePeco */ = {isa = PBXFileReference; lastKnownFileType = folder; path = ModulePeco; sourceTree = "<group>"; };
/* End PBXFileReference section */

/* Begin PBXFrameworksBuildPhase section */
		1414723126C65F110060C2F3 /* Frameworks */ = {
			isa = PBXFrameworksBuildPhase;
			buildActionMask = 2147483647;
			files = (
				14F10BC526C6631700522941 /* ModulePingPong in Frameworks */,
			);
			runOnlyForDeploymentPostprocessing = 0;
		};
/* End PBXFrameworksBuildPhase section */

/* Begin PBXGroup section */
		1414722B26C65F110060C2F3 = {
			isa = PBXGroup;
			children = (
				14F10BC626C66A2800522941 /* ModulePeco */,
				14F10BC026C661A600522941 /* ModulePingPong */,
				1414723626C65F110060C2F3 /* SPMMultiModule */,
				1414723526C65F110060C2F3 /* Products */,
				1414724726C6600E0060C2F3 /* Frameworks */,
			);
			sourceTree = "<group>";
		};
		1414723526C65F110060C2F3 /* Products */ = {
			isa = PBXGroup;
			children = (
				1414723426C65F110060C2F3 /* SPMMultiModule.app */,
			);
			name = Products;
			sourceTree = "<group>";
		};
		1414723626C65F110060C2F3 /* SPMMultiModule */ = {
			isa = PBXGroup;
			children = (
				1414723726C65F110060C2F3 /* SPMMultiModuleApp.swift */,
				1414723926C65F110060C2F3 /* ContentView.swift */,
				1414723B26C65F120060C2F3 /* Assets.xcassets */,
				1414724026C65F120060C2F3 /* Info.plist */,
				1414723D26C65F120060C2F3 /* Preview Content */,
			);
			path = SPMMultiModule;
			sourceTree = "<group>";
		};
		1414723D26C65F120060C2F3 /* Preview Content */ = {
			isa = PBXGroup;
			children = (
				1414723E26C65F120060C2F3 /* Preview Assets.xcassets */,
			);
			path = "Preview Content";
			sourceTree = "<group>";
		};
		1414724726C6600E0060C2F3 /* Frameworks */ = {
			isa = PBXGroup;
			children = (
			);
			name = Frameworks;
			sourceTree = "<group>";
		};
/* End PBXGroup section */

/* Begin PBXNativeTarget section */
		1414723326C65F110060C2F3 /* SPMMultiModule */ = {
			isa = PBXNativeTarget;
			buildConfigurationList = 1414724326C65F120060C2F3 /* Build configuration list for PBXNativeTarget "SPMMultiModule" */;
			buildPhases = (
				1414723026C65F110060C2F3 /* Sources */,
				1414723126C65F110060C2F3 /* Frameworks */,
				1414723226C65F110060C2F3 /* Resources */,
			);
			buildRules = (
			);
			dependencies = (
			);
			name = SPMMultiModule;
			packageProductDependencies = (
				14F10BC426C6631700522941 /* ModulePingPong */,
			);
			productName = SPMMultiModule;
			productReference = 1414723426C65F110060C2F3 /* SPMMultiModule.app */;
			productType = "com.apple.product-type.application";
		};
/* End PBXNativeTarget section */

/* Begin PBXProject section */
		1414722C26C65F110060C2F3 /* Project object */ = {
			isa = PBXProject;
			attributes = {
				LastSwiftUpdateCheck = 1250;
				LastUpgradeCheck = 1250;
				TargetAttributes = {
					1414723326C65F110060C2F3 = {
						CreatedOnToolsVersion = 12.5.1;
					};
				};
			};
			buildConfigurationList = 1414722F26C65F110060C2F3 /* Build configuration list for PBXProject "SPMMultiModule" */;
			compatibilityVersion = "Xcode 9.3";
			developmentRegion = en;
			hasScannedForEncodings = 0;
			knownRegions = (
				en,
				Base,
			);
			mainGroup = 1414722B26C65F110060C2F3;
			productRefGroup = 1414723526C65F110060C2F3 /* Products */;
			projectDirPath = "";
			projectRoot = "";
			targets = (
				1414723326C65F110060C2F3 /* SPMMultiModule */,
			);
		};
/* End PBXProject section */

/* Begin PBXResourcesBuildPhase section */
		1414723226C65F110060C2F3 /* Resources */ = {
			isa = PBXResourcesBuildPhase;
			buildActionMask = 2147483647;
			files = (
				1414723F26C65F120060C2F3 /* Preview Assets.xcassets in Resources */,
				1414723C26C65F120060C2F3 /* Assets.xcassets in Resources */,
			);
			runOnlyForDeploymentPostprocessing = 0;
		};
/* End PBXResourcesBuildPhase section */

/* Begin PBXSourcesBuildPhase section */
		1414723026C65F110060C2F3 /* Sources */ = {
			isa = PBXSourcesBuildPhase;
			buildActionMask = 2147483647;
			files = (
				1414723A26C65F110060C2F3 /* ContentView.swift in Sources */,
				1414723826C65F110060C2F3 /* SPMMultiModuleApp.swift in Sources */,
			);
			runOnlyForDeploymentPostprocessing = 0;
		};
/* End PBXSourcesBuildPhase section */

/* Begin XCBuildConfiguration section */
		1414724126C65F120060C2F3 /* Debug */ = {
			isa = XCBuildConfiguration;
			buildSettings = {
				ALWAYS_SEARCH_USER_PATHS = NO;
				CLANG_ANALYZER_NONNULL = YES;
				CLANG_ANALYZER_NUMBER_OBJECT_CONVERSION = YES_AGGRESSIVE;
				CLANG_CXX_LANGUAGE_STANDARD = "gnu++14";
				CLANG_CXX_LIBRARY = "libc++";
				CLANG_ENABLE_MODULES = YES;
				CLANG_ENABLE_OBJC_ARC = YES;
				CLANG_ENABLE_OBJC_WEAK = YES;
				CLANG_WARN_BLOCK_CAPTURE_AUTORELEASING = YES;
				CLANG_WARN_BOOL_CONVERSION = YES;
				CLANG_WARN_COMMA = YES;
				CLANG_WARN_CONSTANT_CONVERSION = YES;
				CLANG_WARN_DEPRECATED_OBJC_IMPLEMENTATIONS = YES;
				CLANG_WARN_DIRECT_OBJC_ISA_USAGE = YES_ERROR;
				CLANG_WARN_DOCUMENTATION_COMMENTS = YES;
				CLANG_WARN_EMPTY_BODY = YES;
				CLANG_WARN_ENUM_CONVERSION = YES;
				CLANG_WARN_INFINITE_RECURSION = YES;
				CLANG_WARN_INT_CONVERSION = YES;
				CLANG_WARN_NON_LITERAL_NULL_CONVERSION = YES;
				CLANG_WARN_OBJC_IMPLICIT_RETAIN_SELF = YES;
				CLANG_WARN_OBJC_LITERAL_CONVERSION = YES;
				CLANG_WARN_OBJC_ROOT_CLASS = YES_ERROR;
				CLANG_WARN_QUOTED_INCLUDE_IN_FRAMEWORK_HEADER = YES;
				CLANG_WARN_RANGE_LOOP_ANALYSIS = YES;
				CLANG_WARN_STRICT_PROTOTYPES = YES;
				CLANG_WARN_SUSPICIOUS_MOVE = YES;
				CLANG_WARN_UNGUARDED_AVAILABILITY = YES_AGGRESSIVE;
				CLANG_WARN_UNREACHABLE_CODE = YES;
				CLANG_WARN__DUPLICATE_METHOD_MATCH = YES;
				COPY_PHASE_STRIP = NO;
				DEBUG_INFORMATION_FORMAT = dwarf;
				ENABLE_STRICT_OBJC_MSGSEND = YES;
				ENABLE_TESTABILITY = YES;
				GCC_C_LANGUAGE_STANDARD = gnu11;
				GCC_DYNAMIC_NO_PIC = NO;
				GCC_NO_COMMON_BLOCKS = YES;
				GCC_OPTIMIZATION_LEVEL = 0;
				GCC_PREPROCESSOR_DEFINITIONS = (
					"DEBUG=1",
					"$(inherited)",
				);
				GCC_WARN_64_TO_32_BIT_CONVERSION = YES;
				GCC_WARN_ABOUT_RETURN_TYPE = YES_ERROR;
				GCC_WARN_UNDECLARED_SELECTOR = YES;
				GCC_WARN_UNINITIALIZED_AUTOS = YES_AGGRESSIVE;
				GCC_WARN_UNUSED_FUNCTION = YES;
				GCC_WARN_UNUSED_VARIABLE = YES;
				IPHONEOS_DEPLOYMENT_TARGET = 14.5;
				MTL_ENABLE_DEBUG_INFO = INCLUDE_SOURCE;
				MTL_FAST_MATH = YES;
				ONLY_ACTIVE_ARCH = YES;
				SDKROOT = iphoneos;
				SWIFT_ACTIVE_COMPILATION_CONDITIONS = DEBUG;
				SWIFT_OPTIMIZATION_LEVEL = "-Onone";
			};
			name = Debug;
		};
		1414724226C65F120060C2F3 /* Release */ = {
			isa = XCBuildConfiguration;
			buildSettings = {
				ALWAYS_SEARCH_USER_PATHS = NO;
				CLANG_ANALYZER_NONNULL = YES;
				CLANG_ANALYZER_NUMBER_OBJECT_CONVERSION = YES_AGGRESSIVE;
				CLANG_CXX_LANGUAGE_STANDARD = "gnu++14";
				CLANG_CXX_LIBRARY = "libc++";
				CLANG_ENABLE_MODULES = YES;
				CLANG_ENABLE_OBJC_ARC = YES;
				CLANG_ENABLE_OBJC_WEAK = YES;
				CLANG_WARN_BLOCK_CAPTURE_AUTORELEASING = YES;
				CLANG_WARN_BOOL_CONVERSION = YES;
				CLANG_WARN_COMMA = YES;
				CLANG_WARN_CONSTANT_CONVERSION = YES;
				CLANG_WARN_DEPRECATED_OBJC_IMPLEMENTATIONS = YES;
				CLANG_WARN_DIRECT_OBJC_ISA_USAGE = YES_ERROR;
				CLANG_WARN_DOCUMENTATION_COMMENTS = YES;
				CLANG_WARN_EMPTY_BODY = YES;
				CLANG_WARN_ENUM_CONVERSION = YES;
				CLANG_WARN_INFINITE_RECURSION = YES;
				CLANG_WARN_INT_CONVERSION = YES;
				CLANG_WARN_NON_LITERAL_NULL_CONVERSION = YES;
				CLANG_WARN_OBJC_IMPLICIT_RETAIN_SELF = YES;
				CLANG_WARN_OBJC_LITERAL_CONVERSION = YES;
				CLANG_WARN_OBJC_ROOT_CLASS = YES_ERROR;
				CLANG_WARN_QUOTED_INCLUDE_IN_FRAMEWORK_HEADER = YES;
				CLANG_WARN_RANGE_LOOP_ANALYSIS = YES;
				CLANG_WARN_STRICT_PROTOTYPES = YES;
				CLANG_WARN_SUSPICIOUS_MOVE = YES;
				CLANG_WARN_UNGUARDED_AVAILABILITY = YES_AGGRESSIVE;
				CLANG_WARN_UNREACHABLE_CODE = YES;
				CLANG_WARN__DUPLICATE_METHOD_MATCH = YES;
				COPY_PHASE_STRIP = NO;
				DEBUG_INFORMATION_FORMAT = "dwarf-with-dsym";
				ENABLE_NS_ASSERTIONS = NO;
				ENABLE_STRICT_OBJC_MSGSEND = YES;
				GCC_C_LANGUAGE_STANDARD = gnu11;
				GCC_NO_COMMON_BLOCKS = YES;
				GCC_WARN_64_TO_32_BIT_CONVERSION = YES;
				GCC_WARN_ABOUT_RETURN_TYPE = YES_ERROR;
				GCC_WARN_UNDECLARED_SELECTOR = YES;
				GCC_WARN_UNINITIALIZED_AUTOS = YES_AGGRESSIVE;
				GCC_WARN_UNUSED_FUNCTION = YES;
				GCC_WARN_UNUSED_VARIABLE = YES;
				IPHONEOS_DEPLOYMENT_TARGET = 14.5;
				MTL_ENABLE_DEBUG_INFO = NO;
				MTL_FAST_MATH = YES;
				SDKROOT = iphoneos;
				SWIFT_COMPILATION_MODE = wholemodule;
				SWIFT_OPTIMIZATION_LEVEL = "-O";
				VALIDATE_PRODUCT = YES;
			};
			name = Release;
		};
		1414724426C65F120060C2F3 /* Debug */ = {
			isa = XCBuildConfiguration;
			buildSettings = {
				ASSETCATALOG_COMPILER_APPICON_NAME = AppIcon;
				ASSETCATALOG_COMPILER_GLOBAL_ACCENT_COLOR_NAME = AccentColor;
				CODE_SIGN_STYLE = Automatic;
				DEVELOPMENT_ASSET_PATHS = "\"SPMMultiModule/Preview Content\"";
				DEVELOPMENT_TEAM = U9KLKYC4QN;
				ENABLE_PREVIEWS = YES;
				INFOPLIST_FILE = SPMMultiModule/Info.plist;
				IPHONEOS_DEPLOYMENT_TARGET = 14.0;
				LD_RUNPATH_SEARCH_PATHS = (
					"$(inherited)",
					"@executable_path/Frameworks",
				);
				PRODUCT_BUNDLE_IDENTIFIER = io.github.temoki.SPMMultiModule;
				PRODUCT_NAME = "$(TARGET_NAME)";
				SWIFT_VERSION = 5.0;
				TARGETED_DEVICE_FAMILY = "1,2";
			};
			name = Debug;
		};
		1414724526C65F120060C2F3 /* Release */ = {
			isa = XCBuildConfiguration;
			buildSettings = {
				ASSETCATALOG_COMPILER_APPICON_NAME = AppIcon;
				ASSETCATALOG_COMPILER_GLOBAL_ACCENT_COLOR_NAME = AccentColor;
				CODE_SIGN_STYLE = Automatic;
				DEVELOPMENT_ASSET_PATHS = "\"SPMMultiModule/Preview Content\"";
				DEVELOPMENT_TEAM = U9KLKYC4QN;
				ENABLE_PREVIEWS = YES;
				INFOPLIST_FILE = SPMMultiModule/Info.plist;
				IPHONEOS_DEPLOYMENT_TARGET = 14.0;
				LD_RUNPATH_SEARCH_PATHS = (
					"$(inherited)",
					"@executable_path/Frameworks",
				);
				PRODUCT_BUNDLE_IDENTIFIER = io.github.temoki.SPMMultiModule;
				PRODUCT_NAME = "$(TARGET_NAME)";
				SWIFT_VERSION = 5.0;
				TARGETED_DEVICE_FAMILY = "1,2";
			};
			name = Release;
		};
/* End XCBuildConfiguration section */

/* Begin XCConfigurationList section */
		1414722F26C65F110060C2F3 /* Build configuration list for PBXProject "SPMMultiModule" */ = {
			isa = XCConfigurationList;
			buildConfigurations = (
				1414724126C65F120060C2F3 /* Debug */,
				1414724226C65F120060C2F3 /* Release */,
			);
			defaultConfigurationIsVisible = 0;
			defaultConfigurationName = Release;
		};
		1414724326C65F120060C2F3 /* Build configuration list for PBXNativeTarget "SPMMultiModule" */ = {
			isa = XCConfigurationList;
			buildConfigurations = (
				1414724426C65F120060C2F3 /* Debug */,
				1414724526C65F120060C2F3 /* Release */,
			);
			defaultConfigurationIsVisible = 0;
			defaultConfigurationName = Release;
		};
/* End XCConfigurationList section */

/* Begin XCSwiftPackageProductDependency section */
		14F10BC426C6631700522941 /* ModulePingPong */ = {
			isa = XCSwiftPackageProductDependency;
			productName = ModulePingPong;
		};
/* End XCSwiftPackageProductDependency section */
	};
	rootObject = 1414722C26C65F110060C2F3 /* Project object */;
}
