{
  "object": {
    "pins": [
      {
        "package": "Alamofire",
        "repositoryURL": "https://github.com/Alamofire/Alamofire",
        "state": {
          "branch": null,
          "revision": "f96b619bcb2383b43d898402283924b80e2c4bae",
          "version": "5.4.3"
        }
      },
      {
        "package": "AlamofireImage",
        "repositoryURL": "https://github.com/Alamofire/AlamofireImage",
        "state": {
          "branch": null,
          "revision": "98cbb00ce0ec5fc8e52a5b50a6bfc08d3e5aee10",
          "version": "4.2.0"
        }
      },
      {
        "package": "StringTransform",
        "repositoryURL": "https://github.com/uhooi/swift-string-transform",
        "state": {
          "branch": null,
          "revision": "eaae81024f171429a691548d2026c8f7a6424496",
          "version": "0.4.0"
        }
      }
    ]
  },
  "version": 1
}
